<Solution>
  <Folder Name="/Frontend/">
    <Project Path="school-management-web/" Type="Website" DisplayName="school-management-web">
      <BuildType Project="Debug" />
      <Properties Name="WebsiteProperties">
        <Property Name="Debug.AspNetCompiler.Debug" Value="&quot;True&quot;" />
        <Property Name="Debug.AspNetCompiler.FixedNames" Value="&quot;false&quot;" />
        <Property Name="Debug.AspNetCompiler.ForceOverwrite" Value="&quot;true&quot;" />
        <Property Name="Debug.AspNetCompiler.PhysicalPath" Value="&quot;school-management-web\&quot;" />
        <Property Name="Debug.AspNetCompiler.TargetPath" Value="&quot;PrecompiledWeb\localhost_58395\&quot;" />
        <Property Name="Debug.AspNetCompiler.Updateable" Value="&quot;true&quot;" />
        <Property Name="Debug.AspNetCompiler.VirtualPath" Value="&quot;/localhost_58395&quot;" />
        <Property Name="Release.AspNetCompiler.Debug" Value="&quot;False&quot;" />
        <Property Name="Release.AspNetCompiler.FixedNames" Value="&quot;false&quot;" />
        <Property Name="Release.AspNetCompiler.ForceOverwrite" Value="&quot;true&quot;" />
        <Property Name="Release.AspNetCompiler.PhysicalPath" Value="&quot;school-management-web\&quot;" />
        <Property Name="Release.AspNetCompiler.TargetPath" Value="&quot;PrecompiledWeb\localhost_58395\&quot;" />
        <Property Name="Release.AspNetCompiler.Updateable" Value="&quot;true&quot;" />
        <Property Name="Release.AspNetCompiler.VirtualPath" Value="&quot;/localhost_58395&quot;" />
        <Property Name="TargetFrameworkMoniker" Value="&quot;.NETFramework,Version%3Dv4.8&quot;" />
        <Property Name="VWDPort" Value="&quot;58395&quot;" />
      </Properties>
    </Project>
  </Folder>
  <Folder Name="/src/">
    <Project Path="src/SchoolManagement.API/SchoolManagement.API.csproj" />
    <Project Path="src/SchoolManagement.Application/SchoolManagement.Application.csproj" />
    <Project Path="src/SchoolManagement.Domain/SchoolManagement.Domain.csproj" />
    <Project Path="src/SchoolManagement.Infrastructure/SchoolManagement.Infrastructure.csproj" />
  </Folder>
  <Folder Name="/tests/">
    <Project Path="tests/SchoolManagement.E2ETests/SchoolManagement.E2ETests.csproj" />
    <Project Path="tests/SchoolManagement.IntegrationTests/SchoolManagement.IntegrationTests.csproj" />
    <Project Path="tests/SchoolManagement.UnitTests/SchoolManagement.UnitTests.csproj" />
  </Folder>
</Solution>
